# This file is generated by running "yarn install" inside your project.
# Manual changes might be lost - proceed with caution!

__metadata:
  version: 8
  cacheKey: 10c0

"@auth/core@npm:0.40.0":
  version: 0.40.0
  resolution: "@auth/core@npm:0.40.0"
  dependencies:
    "@panva/hkdf": "npm:^1.2.1"
    jose: "npm:^6.0.6"
    oauth4webapi: "npm:^3.3.0"
    preact: "npm:10.24.3"
    preact-render-to-string: "npm:6.5.11"
  peerDependencies:
    "@simplewebauthn/browser": ^9.0.1
    "@simplewebauthn/server": ^9.0.2
    nodemailer: ^6.8.0
  peerDependenciesMeta:
    "@simplewebauthn/browser":
      optional: true
    "@simplewebauthn/server":
      optional: true
    nodemailer:
      optional: true
  checksum: 10c0/25cd12f22611eedc21c17dc1908fa9428ae5f0e32eb32c1ab009642276c37099cce58f49ffbb7f8e8d6d6488d5101a24fb9808ec662eee5aca19d520750acaa3
  languageName: node
  linkType: hard

"@emnapi/runtime@npm:^1.4.4":
  version: 1.4.5
  resolution: "@emnapi/runtime@npm:1.4.5"
  dependencies:
    tslib: "npm:^2.4.0"
  checksum: 10c0/37a0278be5ac81e918efe36f1449875cbafba947039c53c65a1f8fc238001b866446fc66041513b286baaff5d6f9bec667f5164b3ca481373a8d9cb65bfc984b
  languageName: node
  linkType: hard

"@img/sharp-darwin-arm64@npm:0.34.3":
  version: 0.34.3
  resolution: "@img/sharp-darwin-arm64@npm:0.34.3"
  dependencies:
    "@img/sharp-libvips-darwin-arm64": "npm:1.2.0"
  dependenciesMeta:
    "@img/sharp-libvips-darwin-arm64":
      optional: true
  conditions: os=darwin & cpu=arm64
  languageName: node
  linkType: hard

"@img/sharp-darwin-x64@npm:0.34.3":
  version: 0.34.3
  resolution: "@img/sharp-darwin-x64@npm:0.34.3"
  dependencies:
    "@img/sharp-libvips-darwin-x64": "npm:1.2.0"
  dependenciesMeta:
    "@img/sharp-libvips-darwin-x64":
      optional: true
  conditions: os=darwin & cpu=x64
  languageName: node
  linkType: hard

"@img/sharp-libvips-darwin-arm64@npm:1.2.0":
  version: 1.2.0
  resolution: "@img/sharp-libvips-darwin-arm64@npm:1.2.0"
  conditions: os=darwin & cpu=arm64
  languageName: node
  linkType: hard

"@img/sharp-libvips-darwin-x64@npm:1.2.0":
  version: 1.2.0
  resolution: "@img/sharp-libvips-darwin-x64@npm:1.2.0"
  conditions: os=darwin & cpu=x64
  languageName: node
  linkType: hard

"@img/sharp-libvips-linux-arm64@npm:1.2.0":
  version: 1.2.0
  resolution: "@img/sharp-libvips-linux-arm64@npm:1.2.0"
  conditions: os=linux & cpu=arm64 & libc=glibc
  languageName: node
  linkType: hard

"@img/sharp-libvips-linux-arm@npm:1.2.0":
  version: 1.2.0
  resolution: "@img/sharp-libvips-linux-arm@npm:1.2.0"
  conditions: os=linux & cpu=arm & libc=glibc
  languageName: node
  linkType: hard

"@img/sharp-libvips-linux-ppc64@npm:1.2.0":
  version: 1.2.0
  resolution: "@img/sharp-libvips-linux-ppc64@npm:1.2.0"
  conditions: os=linux & cpu=ppc64 & libc=glibc
  languageName: node
  linkType: hard

"@img/sharp-libvips-linux-s390x@npm:1.2.0":
  version: 1.2.0
  resolution: "@img/sharp-libvips-linux-s390x@npm:1.2.0"
  conditions: os=linux & cpu=s390x & libc=glibc
  languageName: node
  linkType: hard

"@img/sharp-libvips-linux-x64@npm:1.2.0":
  version: 1.2.0
  resolution: "@img/sharp-libvips-linux-x64@npm:1.2.0"
  conditions: os=linux & cpu=x64 & libc=glibc
  languageName: node
  linkType: hard

"@img/sharp-libvips-linuxmusl-arm64@npm:1.2.0":
  version: 1.2.0
  resolution: "@img/sharp-libvips-linuxmusl-arm64@npm:1.2.0"
  conditions: os=linux & cpu=arm64 & libc=musl
  languageName: node
  linkType: hard

"@img/sharp-libvips-linuxmusl-x64@npm:1.2.0":
  version: 1.2.0
  resolution: "@img/sharp-libvips-linuxmusl-x64@npm:1.2.0"
  conditions: os=linux & cpu=x64 & libc=musl
  languageName: node
  linkType: hard

"@img/sharp-linux-arm64@npm:0.34.3":
  version: 0.34.3
  resolution: "@img/sharp-linux-arm64@npm:0.34.3"
  dependencies:
    "@img/sharp-libvips-linux-arm64": "npm:1.2.0"
  dependenciesMeta:
    "@img/sharp-libvips-linux-arm64":
      optional: true
  conditions: os=linux & cpu=arm64 & libc=glibc
  languageName: node
  linkType: hard

"@img/sharp-linux-arm@npm:0.34.3":
  version: 0.34.3
  resolution: "@img/sharp-linux-arm@npm:0.34.3"
  dependencies:
    "@img/sharp-libvips-linux-arm": "npm:1.2.0"
  dependenciesMeta:
    "@img/sharp-libvips-linux-arm":
      optional: true
  conditions: os=linux & cpu=arm & libc=glibc
  languageName: node
  linkType: hard

"@img/sharp-linux-ppc64@npm:0.34.3":
  version: 0.34.3
  resolution: "@img/sharp-linux-ppc64@npm:0.34.3"
  dependencies:
    "@img/sharp-libvips-linux-ppc64": "npm:1.2.0"
  dependenciesMeta:
    "@img/sharp-libvips-linux-ppc64":
      optional: true
  conditions: os=linux & cpu=ppc64 & libc=glibc
  languageName: node
  linkType: hard

"@img/sharp-linux-s390x@npm:0.34.3":
  version: 0.34.3
  resolution: "@img/sharp-linux-s390x@npm:0.34.3"
  dependencies:
    "@img/sharp-libvips-linux-s390x": "npm:1.2.0"
  dependenciesMeta:
    "@img/sharp-libvips-linux-s390x":
      optional: true
  conditions: os=linux & cpu=s390x & libc=glibc
  languageName: node
  linkType: hard

"@img/sharp-linux-x64@npm:0.34.3":
  version: 0.34.3
  resolution: "@img/sharp-linux-x64@npm:0.34.3"
  dependencies:
    "@img/sharp-libvips-linux-x64": "npm:1.2.0"
  dependenciesMeta:
    "@img/sharp-libvips-linux-x64":
      optional: true
  conditions: os=linux & cpu=x64 & libc=glibc
  languageName: node
  linkType: hard

"@img/sharp-linuxmusl-arm64@npm:0.34.3":
  version: 0.34.3
  resolution: "@img/sharp-linuxmusl-arm64@npm:0.34.3"
  dependencies:
    "@img/sharp-libvips-linuxmusl-arm64": "npm:1.2.0"
  dependenciesMeta:
    "@img/sharp-libvips-linuxmusl-arm64":
      optional: true
  conditions: os=linux & cpu=arm64 & libc=musl
  languageName: node
  linkType: hard

"@img/sharp-linuxmusl-x64@npm:0.34.3":
  version: 0.34.3
  resolution: "@img/sharp-linuxmusl-x64@npm:0.34.3"
  dependencies:
    "@img/sharp-libvips-linuxmusl-x64": "npm:1.2.0"
  dependenciesMeta:
    "@img/sharp-libvips-linuxmusl-x64":
      optional: true
  conditions: os=linux & cpu=x64 & libc=musl
  languageName: node
  linkType: hard

"@img/sharp-wasm32@npm:0.34.3":
  version: 0.34.3
  resolution: "@img/sharp-wasm32@npm:0.34.3"
  dependencies:
    "@emnapi/runtime": "npm:^1.4.4"
  conditions: cpu=wasm32
  languageName: node
  linkType: hard

"@img/sharp-win32-arm64@npm:0.34.3":
  version: 0.34.3
  resolution: "@img/sharp-win32-arm64@npm:0.34.3"
  conditions: os=win32 & cpu=arm64
  languageName: node
  linkType: hard

"@img/sharp-win32-ia32@npm:0.34.3":
  version: 0.34.3
  resolution: "@img/sharp-win32-ia32@npm:0.34.3"
  conditions: os=win32 & cpu=ia32
  languageName: node
  linkType: hard

"@img/sharp-win32-x64@npm:0.34.3":
  version: 0.34.3
  resolution: "@img/sharp-win32-x64@npm:0.34.3"
  conditions: os=win32 & cpu=x64
  languageName: node
  linkType: hard

"@next/env@npm:15.4.2-canary.48":
  version: 15.4.2-canary.48
  resolution: "@next/env@npm:15.4.2-canary.48"
  checksum: 10c0/0a07ece1403ea5c92b1e7b01b93ca42017fc5cb7837af5536572ce31f4bf61b2642f2107b06d1bfb39602f820b5af9de36b93afa18f8b2720ad37f8ffd76e30d
  languageName: node
  linkType: hard

"@next/swc-darwin-arm64@npm:15.4.2-canary.48":
  version: 15.4.2-canary.48
  resolution: "@next/swc-darwin-arm64@npm:15.4.2-canary.48"
  conditions: os=darwin & cpu=arm64
  languageName: node
  linkType: hard

"@next/swc-darwin-x64@npm:15.4.2-canary.48":
  version: 15.4.2-canary.48
  resolution: "@next/swc-darwin-x64@npm:15.4.2-canary.48"
  conditions: os=darwin & cpu=x64
  languageName: node
  linkType: hard

"@next/swc-linux-arm64-gnu@npm:15.4.2-canary.48":
  version: 15.4.2-canary.48
  resolution: "@next/swc-linux-arm64-gnu@npm:15.4.2-canary.48"
  conditions: os=linux & cpu=arm64 & libc=glibc
  languageName: node
  linkType: hard

"@next/swc-linux-arm64-musl@npm:15.4.2-canary.48":
  version: 15.4.2-canary.48
  resolution: "@next/swc-linux-arm64-musl@npm:15.4.2-canary.48"
  conditions: os=linux & cpu=arm64 & libc=musl
  languageName: node
  linkType: hard

"@next/swc-linux-x64-gnu@npm:15.4.2-canary.48":
  version: 15.4.2-canary.48
  resolution: "@next/swc-linux-x64-gnu@npm:15.4.2-canary.48"
  conditions: os=linux & cpu=x64 & libc=glibc
  languageName: node
  linkType: hard

"@next/swc-linux-x64-musl@npm:15.4.2-canary.48":
  version: 15.4.2-canary.48
  resolution: "@next/swc-linux-x64-musl@npm:15.4.2-canary.48"
  conditions: os=linux & cpu=x64 & libc=musl
  languageName: node
  linkType: hard

"@next/swc-win32-arm64-msvc@npm:15.4.2-canary.48":
  version: 15.4.2-canary.48
  resolution: "@next/swc-win32-arm64-msvc@npm:15.4.2-canary.48"
  conditions: os=win32 & cpu=arm64
  languageName: node
  linkType: hard

"@next/swc-win32-x64-msvc@npm:15.4.2-canary.48":
  version: 15.4.2-canary.48
  resolution: "@next/swc-win32-x64-msvc@npm:15.4.2-canary.48"
  conditions: os=win32 & cpu=x64
  languageName: node
  linkType: hard

"@panva/hkdf@npm:^1.2.1":
  version: 1.2.1
  resolution: "@panva/hkdf@npm:1.2.1"
  checksum: 10c0/1fabdec9bd2c19b8e88a3fa6fd0c25e25823c5000d9efdf4b6dfe32e9f370f8b9603cf776d120d160bec15fba17e079974cc34f0f52cebb24602cd832dfde19c
  languageName: node
  linkType: hard

"@swc/helpers@npm:0.5.15":
  version: 0.5.15
  resolution: "@swc/helpers@npm:0.5.15"
  dependencies:
    tslib: "npm:^2.8.0"
  checksum: 10c0/33002f74f6f885f04c132960835fdfc474186983ea567606db62e86acd0680ca82f34647e8e610f4e1e422d1c16fce729dde22cd3b797ab1fd9061a825dabca4
  languageName: node
  linkType: hard

"@types/node@npm:^22":
  version: 22.17.1
  resolution: "@types/node@npm:22.17.1"
  dependencies:
    undici-types: "npm:~6.21.0"
  checksum: 10c0/b04063bdabfc4146af05d14d4fd23ee68615194473d0ef971ddef549b80b791f52c8f93abdd8d1092ee0257f3dea862fa233519244fd051e79233cdce614de14
  languageName: node
  linkType: hard

"@types/react@npm:^19":
  version: 19.1.10
  resolution: "@types/react@npm:19.1.10"
  dependencies:
    csstype: "npm:^3.0.2"
  checksum: 10c0/fb583deacd0a815e2775dc1b9f764532d8cacb748ddd2c2914805a46c257ce6c237b4078f44009692074db212ab61a390301c6470f07f5aa5bfdeb78a2acfda1
  languageName: node
  linkType: hard

"caniuse-lite@npm:^1.0.30001579":
  version: 1.0.30001734
  resolution: "caniuse-lite@npm:1.0.30001734"
  checksum: 10c0/5869cb6a01e7a012a8c5d7b0482e2c910be3a2a469d4ef516a54db3f846fbaedb2600eeaa270dae9e2ad9328e33f39782e6f459405fcca620021f5f06694542d
  languageName: node
  linkType: hard

"client-only@npm:0.0.1":
  version: 0.0.1
  resolution: "client-only@npm:0.0.1"
  checksum: 10c0/9d6cfd0c19e1c96a434605added99dff48482152af791ec4172fb912a71cff9027ff174efd8cdb2160cc7f377543e0537ffc462d4f279bc4701de3f2a3c4b358
  languageName: node
  linkType: hard

"color-convert@npm:^2.0.1":
  version: 2.0.1
  resolution: "color-convert@npm:2.0.1"
  dependencies:
    color-name: "npm:~1.1.4"
  checksum: 10c0/37e1150172f2e311fe1b2df62c6293a342ee7380da7b9cfdba67ea539909afbd74da27033208d01d6d5cfc65ee7868a22e18d7e7648e004425441c0f8a15a7d7
  languageName: node
  linkType: hard

"color-name@npm:^1.0.0, color-name@npm:~1.1.4":
  version: 1.1.4
  resolution: "color-name@npm:1.1.4"
  checksum: 10c0/a1a3f914156960902f46f7f56bc62effc6c94e84b2cae157a526b1c1f74b677a47ec602bf68a61abfa2b42d15b7c5651c6dbe72a43af720bc588dff885b10f95
  languageName: node
  linkType: hard

"color-string@npm:^1.9.0":
  version: 1.9.1
  resolution: "color-string@npm:1.9.1"
  dependencies:
    color-name: "npm:^1.0.0"
    simple-swizzle: "npm:^0.2.2"
  checksum: 10c0/b0bfd74c03b1f837f543898b512f5ea353f71630ccdd0d66f83028d1f0924a7d4272deb278b9aef376cacf1289b522ac3fb175e99895283645a2dc3a33af2404
  languageName: node
  linkType: hard

"color@npm:^4.2.3":
  version: 4.2.3
  resolution: "color@npm:4.2.3"
  dependencies:
    color-convert: "npm:^2.0.1"
    color-string: "npm:^1.9.0"
  checksum: 10c0/7fbe7cfb811054c808349de19fb380252e5e34e61d7d168ec3353e9e9aacb1802674bddc657682e4e9730c2786592a4de6f8283e7e0d3870b829bb0b7b2f6118
  languageName: node
  linkType: hard

"csstype@npm:^3.0.2":
  version: 3.1.3
  resolution: "csstype@npm:3.1.3"
  checksum: 10c0/80c089d6f7e0c5b2bd83cf0539ab41474198579584fa10d86d0cafe0642202343cbc119e076a0b1aece191989477081415d66c9fefbf3c957fc2fc4b7009f248
  languageName: node
  linkType: hard

"detect-libc@npm:^2.0.4":
  version: 2.0.4
  resolution: "detect-libc@npm:2.0.4"
  checksum: 10c0/c15541f836eba4b1f521e4eecc28eefefdbc10a94d3b8cb4c507689f332cc111babb95deda66f2de050b22122113189986d5190be97d51b5a2b23b938415e67c
  languageName: node
  linkType: hard

"is-arrayish@npm:^0.3.1":
  version: 0.3.2
  resolution: "is-arrayish@npm:0.3.2"
  checksum: 10c0/f59b43dc1d129edb6f0e282595e56477f98c40278a2acdc8b0a5c57097c9eff8fe55470493df5775478cf32a4dc8eaf6d3a749f07ceee5bc263a78b2434f6a54
  languageName: node
  linkType: hard

"jose@npm:^6.0.6":
  version: 6.0.12
  resolution: "jose@npm:6.0.12"
  checksum: 10c0/e5ca51b078b2443f6ca671e14d72e0ffd21b760dac0d77cabd7af649a127376ec90665c8b25f34dd88bb31094915ee662daf76e0b33a025d28dbc2bc17413dec
  languageName: node
  linkType: hard

"nanoid@npm:^3.3.6":
  version: 3.3.11
  resolution: "nanoid@npm:3.3.11"
  bin:
    nanoid: bin/nanoid.cjs
  checksum: 10c0/40e7f70b3d15f725ca072dfc4f74e81fcf1fbb02e491cf58ac0c79093adc9b0a73b152bcde57df4b79cd097e13023d7504acb38404a4da7bc1cd8e887b82fe0b
  languageName: node
  linkType: hard

"next-auth@npm:5.0.0-beta.29":
  version: 5.0.0-beta.29
  resolution: "next-auth@npm:5.0.0-beta.29"
  dependencies:
    "@auth/core": "npm:0.40.0"
  peerDependencies:
    "@simplewebauthn/browser": ^9.0.1
    "@simplewebauthn/server": ^9.0.2
    next: ^14.0.0-0 || ^15.0.0-0
    nodemailer: ^6.6.5
    react: ^18.2.0 || ^19.0.0-0
  peerDependenciesMeta:
    "@simplewebauthn/browser":
      optional: true
    "@simplewebauthn/server":
      optional: true
    nodemailer:
      optional: true
  checksum: 10c0/2c6bada9a5f28a9a172d3ad295bfb05b648a4fced01f9988154df1ebca712cf460fb49173ada4c26de4c7ab180256f40ac19d16e2147c1c68f2a7475ab5d5ea8
  languageName: node
  linkType: hard

"next@npm:canary":
  version: 15.4.2-canary.48
  resolution: "next@npm:15.4.2-canary.48"
  dependencies:
    "@next/env": "npm:15.4.2-canary.48"
    "@next/swc-darwin-arm64": "npm:15.4.2-canary.48"
    "@next/swc-darwin-x64": "npm:15.4.2-canary.48"
    "@next/swc-linux-arm64-gnu": "npm:15.4.2-canary.48"
    "@next/swc-linux-arm64-musl": "npm:15.4.2-canary.48"
    "@next/swc-linux-x64-gnu": "npm:15.4.2-canary.48"
    "@next/swc-linux-x64-musl": "npm:15.4.2-canary.48"
    "@next/swc-win32-arm64-msvc": "npm:15.4.2-canary.48"
    "@next/swc-win32-x64-msvc": "npm:15.4.2-canary.48"
    "@swc/helpers": "npm:0.5.15"
    caniuse-lite: "npm:^1.0.30001579"
    postcss: "npm:8.4.31"
    sharp: "npm:^0.34.3"
    styled-jsx: "npm:5.1.6"
  peerDependencies:
    "@opentelemetry/api": ^1.1.0
    "@playwright/test": ^1.51.1
    babel-plugin-react-compiler: "*"
    react: ^18.2.0 || 19.0.0-rc-de68d2f4-20241204 || ^19.0.0
    react-dom: ^18.2.0 || 19.0.0-rc-de68d2f4-20241204 || ^19.0.0
    sass: ^1.3.0
  dependenciesMeta:
    "@next/swc-darwin-arm64":
      optional: true
    "@next/swc-darwin-x64":
      optional: true
    "@next/swc-linux-arm64-gnu":
      optional: true
    "@next/swc-linux-arm64-musl":
      optional: true
    "@next/swc-linux-x64-gnu":
      optional: true
    "@next/swc-linux-x64-musl":
      optional: true
    "@next/swc-win32-arm64-msvc":
      optional: true
    "@next/swc-win32-x64-msvc":
      optional: true
    sharp:
      optional: true
  peerDependenciesMeta:
    "@opentelemetry/api":
      optional: true
    "@playwright/test":
      optional: true
    babel-plugin-react-compiler:
      optional: true
    sass:
      optional: true
  bin:
    next: dist/bin/next
  checksum: 10c0/346060477551286f4ab7d2102ac1c901109f038e7d349893924021b9b9c86d970339ee352876cae97dc387200d15b71eeb298ab37c16f40f22fcd15fa464b74e
  languageName: node
  linkType: hard

"oauth4webapi@npm:^3.3.0":
  version: 3.7.0
  resolution: "oauth4webapi@npm:3.7.0"
  checksum: 10c0/eb357ceade4e26f0acacd2dc9821d4128d85fe803d853cfc80979cbc2862f1a854743b77f923a08f1e81f4fd2b7823d0c3f3ba196a2bf6a1eff421c6a4f1c430
  languageName: node
  linkType: hard

"picocolors@npm:^1.0.0":
  version: 1.1.1
  resolution: "picocolors@npm:1.1.1"
  checksum: 10c0/e2e3e8170ab9d7c7421969adaa7e1b31434f789afb9b3f115f6b96d91945041ac3ceb02e9ec6fe6510ff036bcc0bf91e69a1772edc0b707e12b19c0f2d6bcf58
  languageName: node
  linkType: hard

"postcss@npm:8.4.31":
  version: 8.4.31
  resolution: "postcss@npm:8.4.31"
  dependencies:
    nanoid: "npm:^3.3.6"
    picocolors: "npm:^1.0.0"
    source-map-js: "npm:^1.0.2"
  checksum: 10c0/748b82e6e5fc34034dcf2ae88ea3d11fd09f69b6c50ecdd3b4a875cfc7cdca435c958b211e2cb52355422ab6fccb7d8f2f2923161d7a1b281029e4a913d59acf
  languageName: node
  linkType: hard

"preact-render-to-string@npm:6.5.11":
  version: 6.5.11
  resolution: "preact-render-to-string@npm:6.5.11"
  peerDependencies:
    preact: ">=10"
  checksum: 10c0/a68b704c1343756022fb41322154b45e39f6021b940cbc97e86c292627d017d019700339a17d67b42c308b14fc5323fc120c798f785d6a3e993c8f273610bfe2
  languageName: node
  linkType: hard

"preact@npm:10.24.3":
  version: 10.24.3
  resolution: "preact@npm:10.24.3"
  checksum: 10c0/c863df6d7be6a660480189762d8a8f2d4148733fc2bb9efbd9d2fd27315d2c7ede850a16077d716c91666c915c0349bd3c9699733e4f08457226a0519f408761
  languageName: node
  linkType: hard

"react-dom@npm:19.1.1":
  version: 19.1.1
  resolution: "react-dom@npm:19.1.1"
  dependencies:
    scheduler: "npm:^0.26.0"
  peerDependencies:
    react: ^19.1.1
  checksum: 10c0/8c91198510521299c56e4e8d5e3a4508b2734fb5e52f29eeac33811de64e76fe586ad32c32182e2e84e070d98df67125da346c3360013357228172dbcd20bcdd
  languageName: node
  linkType: hard

"react@npm:19.1.1":
  version: 19.1.1
  resolution: "react@npm:19.1.1"
  checksum: 10c0/8c9769a2dfd02e603af6445058325e6c8a24b47b185d0e461f66a6454765ddcaecb3f0a90184836c68bb509f3c38248359edbc42f0d07c23eb500a5c30c87b4e
  languageName: node
  linkType: hard

"root-workspace-0b6124@workspace:.":
  version: 0.0.0-use.local
  resolution: "root-workspace-0b6124@workspace:."
  dependencies:
    "@types/node": "npm:^22"
    "@types/react": "npm:^19"
    next: "npm:canary"
    next-auth: "npm:5.0.0-beta.29"
    react: "npm:19.1.1"
    react-dom: "npm:19.1.1"
    typescript: "npm:^5"
  languageName: unknown
  linkType: soft

"scheduler@npm:^0.26.0":
  version: 0.26.0
  resolution: "scheduler@npm:0.26.0"
  checksum: 10c0/5b8d5bfddaae3513410eda54f2268e98a376a429931921a81b5c3a2873aab7ca4d775a8caac5498f8cbc7d0daeab947cf923dbd8e215d61671f9f4e392d34356
  languageName: node
  linkType: hard

"semver@npm:^7.7.2":
  version: 7.7.2
  resolution: "semver@npm:7.7.2"
  bin:
    semver: bin/semver.js
  checksum: 10c0/aca305edfbf2383c22571cb7714f48cadc7ac95371b4b52362fb8eeffdfbc0de0669368b82b2b15978f8848f01d7114da65697e56cd8c37b0dab8c58e543f9ea
  languageName: node
  linkType: hard

"sharp@npm:^0.34.3":
  version: 0.34.3
  resolution: "sharp@npm:0.34.3"
  dependencies:
    "@img/sharp-darwin-arm64": "npm:0.34.3"
    "@img/sharp-darwin-x64": "npm:0.34.3"
    "@img/sharp-libvips-darwin-arm64": "npm:1.2.0"
    "@img/sharp-libvips-darwin-x64": "npm:1.2.0"
    "@img/sharp-libvips-linux-arm": "npm:1.2.0"
    "@img/sharp-libvips-linux-arm64": "npm:1.2.0"
    "@img/sharp-libvips-linux-ppc64": "npm:1.2.0"
    "@img/sharp-libvips-linux-s390x": "npm:1.2.0"
    "@img/sharp-libvips-linux-x64": "npm:1.2.0"
    "@img/sharp-libvips-linuxmusl-arm64": "npm:1.2.0"
    "@img/sharp-libvips-linuxmusl-x64": "npm:1.2.0"
    "@img/sharp-linux-arm": "npm:0.34.3"
    "@img/sharp-linux-arm64": "npm:0.34.3"
    "@img/sharp-linux-ppc64": "npm:0.34.3"
    "@img/sharp-linux-s390x": "npm:0.34.3"
    "@img/sharp-linux-x64": "npm:0.34.3"
    "@img/sharp-linuxmusl-arm64": "npm:0.34.3"
    "@img/sharp-linuxmusl-x64": "npm:0.34.3"
    "@img/sharp-wasm32": "npm:0.34.3"
    "@img/sharp-win32-arm64": "npm:0.34.3"
    "@img/sharp-win32-ia32": "npm:0.34.3"
    "@img/sharp-win32-x64": "npm:0.34.3"
    color: "npm:^4.2.3"
    detect-libc: "npm:^2.0.4"
    semver: "npm:^7.7.2"
  dependenciesMeta:
    "@img/sharp-darwin-arm64":
      optional: true
    "@img/sharp-darwin-x64":
      optional: true
    "@img/sharp-libvips-darwin-arm64":
      optional: true
    "@img/sharp-libvips-darwin-x64":
      optional: true
    "@img/sharp-libvips-linux-arm":
      optional: true
    "@img/sharp-libvips-linux-arm64":
      optional: true
    "@img/sharp-libvips-linux-ppc64":
      optional: true
    "@img/sharp-libvips-linux-s390x":
      optional: true
    "@img/sharp-libvips-linux-x64":
      optional: true
    "@img/sharp-libvips-linuxmusl-arm64":
      optional: true
    "@img/sharp-libvips-linuxmusl-x64":
      optional: true
    "@img/sharp-linux-arm":
      optional: true
    "@img/sharp-linux-arm64":
      optional: true
    "@img/sharp-linux-ppc64":
      optional: true
    "@img/sharp-linux-s390x":
      optional: true
    "@img/sharp-linux-x64":
      optional: true
    "@img/sharp-linuxmusl-arm64":
      optional: true
    "@img/sharp-linuxmusl-x64":
      optional: true
    "@img/sharp-wasm32":
      optional: true
    "@img/sharp-win32-arm64":
      optional: true
    "@img/sharp-win32-ia32":
      optional: true
    "@img/sharp-win32-x64":
      optional: true
  checksum: 10c0/df9e6645e3db6ed298a0ac956ba74e468c367fc038b547936fbdddc6a29fce9af40413acbef73b3716291530760f311a20e45c8983f20ee5ea69dd2f21464a2b
  languageName: node
  linkType: hard

"simple-swizzle@npm:^0.2.2":
  version: 0.2.2
  resolution: "simple-swizzle@npm:0.2.2"
  dependencies:
    is-arrayish: "npm:^0.3.1"
  checksum: 10c0/df5e4662a8c750bdba69af4e8263c5d96fe4cd0f9fe4bdfa3cbdeb45d2e869dff640beaaeb1ef0e99db4d8d2ec92f85508c269f50c972174851bc1ae5bd64308
  languageName: node
  linkType: hard

"source-map-js@npm:^1.0.2":
  version: 1.2.1
  resolution: "source-map-js@npm:1.2.1"
  checksum: 10c0/7bda1fc4c197e3c6ff17de1b8b2c20e60af81b63a52cb32ec5a5d67a20a7d42651e2cb34ebe93833c5a2a084377e17455854fee3e21e7925c64a51b6a52b0faf
  languageName: node
  linkType: hard

"styled-jsx@npm:5.1.6":
  version: 5.1.6
  resolution: "styled-jsx@npm:5.1.6"
  dependencies:
    client-only: "npm:0.0.1"
  peerDependencies:
    react: ">= 16.8.0 || 17.x.x || ^18.0.0-0 || ^19.0.0-0"
  peerDependenciesMeta:
    "@babel/core":
      optional: true
    babel-plugin-macros:
      optional: true
  checksum: 10c0/ace50e7ea5ae5ae6a3b65a50994c51fca6ae7df9c7ecfd0104c36be0b4b3a9c5c1a2374d16e2a11e256d0b20be6d47256d768ecb4f91ab390f60752a075780f5
  languageName: node
  linkType: hard

"tslib@npm:^2.4.0, tslib@npm:^2.8.0":
  version: 2.8.1
  resolution: "tslib@npm:2.8.1"
  checksum: 10c0/9c4759110a19c53f992d9aae23aac5ced636e99887b51b9e61def52611732872ff7668757d4e4c61f19691e36f4da981cd9485e869b4a7408d689f6bf1f14e62
  languageName: node
  linkType: hard

"typescript@npm:^5":
  version: 5.9.2
  resolution: "typescript@npm:5.9.2"
  bin:
    tsc: bin/tsc
    tsserver: bin/tsserver
  checksum: 10c0/cd635d50f02d6cf98ed42de2f76289701c1ec587a363369255f01ed15aaf22be0813226bff3c53e99d971f9b540e0b3cc7583dbe05faded49b1b0bed2f638a18
  languageName: node
  linkType: hard

"typescript@patch:typescript@npm%3A^5#optional!builtin<compat/typescript>":
  version: 5.9.2
  resolution: "typescript@patch:typescript@npm%3A5.9.2#optional!builtin<compat/typescript>::version=5.9.2&hash=5786d5"
  bin:
    tsc: bin/tsc
    tsserver: bin/tsserver
  checksum: 10c0/34d2a8e23eb8e0d1875072064d5e1d9c102e0bdce56a10a25c0b917b8aa9001a9cf5c225df12497e99da107dc379360bc138163c66b55b95f5b105b50578067e
  languageName: node
  linkType: hard

"undici-types@npm:~6.21.0":
  version: 6.21.0
  resolution: "undici-types@npm:6.21.0"
  checksum: 10c0/c01ed51829b10aa72fc3ce64b747f8e74ae9b60eafa19a7b46ef624403508a54c526ffab06a14a26b3120d055e1104d7abe7c9017e83ced038ea5cf52f8d5e04
  languageName: node
  linkType: hard
